
Microsoft Visual Studio Solution File, Format Version 12.00
# Visual Studio Version 16
VisualStudioVersion = 16.0.810.5
MinimumVisualStudioVersion = 10.0.40219.1
Project("{FAE04EC0-301F-11D3-BF4B-00C04F79EFBC}") = "Inventory_Management", "Inventory_Management\Inventory_Management.csproj", "{65746640-5744-4D01-B44A-C6490AC08A68}"
EndProject
Global
	GlobalSection(SolutionConfigurationPlatforms) = preSolution
		Debug|Any CPU = Debug|Any CPU
		Release|Any CPU = Release|Any CPU
	EndGlobalSection
	GlobalSection(ProjectConfigurationPlatforms) = postSolution
		{65746640-5744-4D01-B44A-C6490AC08A68}.Debug|Any CPU.ActiveCfg = Debug|Any CPU
		{65746640-5744-4D01-B44A-C6490AC08A68}.Debug|Any CPU.Build.0 = Debug|Any CPU
		{65746640-5744-4D01-B44A-C6490AC08A68}.Release|Any CPU.ActiveCfg = Release|Any CPU
		{65746640-5744-4D01-B44A-C6490AC08A68}.Release|Any CPU.Build.0 = Release|Any CPU
	EndGlobalSection
	GlobalSection(SolutionProperties) = preSolution
		HideSolutionNode = FALSE
	EndGlobalSection
	GlobalSection(ExtensibilityGlobals) = postSolution
		SolutionGuid = {F39DC70B-A7CC-4D66-9927-0ED55CC3E2FB}
	EndGlobalSection
EndGlobal
